
Microsoft Visual Studio Solution File, Format Version 12.00
# Visual Studio Version 16
VisualStudioVersion = 16.0.31313.79
MinimumVisualStudioVersion = 10.0.40219.1
Project("{FAE04EC0-301F-11D3-BF4B-00C04F79EFBC}") = "AuthorsTableInputForm(InputValidation)", "AuthorsTableInputForm(InputValidation).csproj", "{96F99C48-90A4-4B6F-9E4C-A424B1588333}"
EndProject
Global
	GlobalSection(SolutionConfigurationPlatforms) = preSolution
		Debug|Any CPU = Debug|Any CPU
		Release|Any CPU = Release|Any CPU
	EndGlobalSection
	GlobalSection(ProjectConfigurationPlatforms) = postSolution
		{96F99C48-90A4-4B6F-9E4C-A424B1588333}.Debug|Any CPU.ActiveCfg = Debug|Any CPU
		{96F99C48-90A4-4B6F-9E4C-A424B1588333}.Debug|Any CPU.Build.0 = Debug|Any CPU
		{96F99C48-90A4-4B6F-9E4C-A424B1588333}.Release|Any CPU.ActiveCfg = Release|Any CPU
		{96F99C48-90A4-4B6F-9E4C-A424B1588333}.Release|Any CPU.Build.0 = Release|Any CPU
	EndGlobalSection
	GlobalSection(SolutionProperties) = preSolution
		HideSolutionNode = FALSE
	EndGlobalSection
	GlobalSection(ExtensibilityGlobals) = postSolution
		SolutionGuid = {CA5D32C6-253D-4FB7-9023-C134F95224DC}
	EndGlobalSection
EndGlobal
